
Microsoft Visual Studio Solution File, Format Version 11.00
# Visual Basic Express 2010
Project("{F184B08F-C81C-45F6-A57F-5ABD9991F28F}") = "Date and Time", "Date and Time\Date and Time.vbproj", "{2ED3A336-BC50-4C2C-AFE1-E3E0E461F136}"
EndProject
Global
	GlobalSection(SolutionConfigurationPlatforms) = preSolution
		Debug|x86 = Debug|x86
		Release|x86 = Release|x86
	EndGlobalSection
	GlobalSection(ProjectConfigurationPlatforms) = postSolution
		{2ED3A336-BC50-4C2C-AFE1-E3E0E461F136}.Debug|x86.ActiveCfg = Debug|x86
		{2ED3A336-BC50-4C2C-AFE1-E3E0E461F136}.Debug|x86.Build.0 = Debug|x86
		{2ED3A336-BC50-4C2C-AFE1-E3E0E461F136}.Release|x86.ActiveCfg = Release|x86
		{2ED3A336-BC50-4C2C-AFE1-E3E0E461F136}.Release|x86.Build.0 = Release|x86
	EndGlobalSection
	GlobalSection(SolutionProperties) = preSolution
		HideSolutionNode = FALSE
	EndGlobalSection
EndGlobal
