
Microsoft Visual Studio Solution File, Format Version 11.00
# Visual Basic Express 2010
Project("{F184B08F-C81C-45F6-A57F-5ABD9991F28F}") = "Just testing", "Just testing\Just testing.vbproj", "{E159F6A2-913F-435F-9D74-844E03E86B59}"
EndProject
Project("{F184B08F-C81C-45F6-A57F-5ABD9991F28F}") = "Login", "Login\Login.vbproj", "{3AA7024F-C688-449A-A206-D72ECC52D0A2}"
EndProject
Global
	GlobalSection(SolutionConfigurationPlatforms) = preSolution
		Debug|x86 = Debug|x86
		Release|x86 = Release|x86
	EndGlobalSection
	GlobalSection(ProjectConfigurationPlatforms) = postSolution
		{E159F6A2-913F-435F-9D74-844E03E86B59}.Debug|x86.ActiveCfg = Debug|x86
		{E159F6A2-913F-435F-9D74-844E03E86B59}.Debug|x86.Build.0 = Debug|x86
		{E159F6A2-913F-435F-9D74-844E03E86B59}.Release|x86.ActiveCfg = Release|x86
		{E159F6A2-913F-435F-9D74-844E03E86B59}.Release|x86.Build.0 = Release|x86
		{3AA7024F-C688-449A-A206-D72ECC52D0A2}.Debug|x86.ActiveCfg = Debug|x86
		{3AA7024F-C688-449A-A206-D72ECC52D0A2}.Debug|x86.Build.0 = Debug|x86
		{3AA7024F-C688-449A-A206-D72ECC52D0A2}.Release|x86.ActiveCfg = Release|x86
		{3AA7024F-C688-449A-A206-D72ECC52D0A2}.Release|x86.Build.0 = Release|x86
	EndGlobalSection
	GlobalSection(SolutionProperties) = preSolution
		HideSolutionNode = FALSE
	EndGlobalSection
EndGlobal
