
Microsoft Visual Studio Solution File, Format Version 11.00
# Visual Basic Express 2010
Project("{F184B08F-C81C-45F6-A57F-5ABD9991F28F}") = "Energy thing", "Energy thing\Energy thing.vbproj", "{2D6F099A-D038-4AFC-B554-92408C5D0822}"
EndProject
Global
	GlobalSection(SolutionConfigurationPlatforms) = preSolution
		Debug|x86 = Debug|x86
		Release|x86 = Release|x86
	EndGlobalSection
	GlobalSection(ProjectConfigurationPlatforms) = postSolution
		{2D6F099A-D038-4AFC-B554-92408C5D0822}.Debug|x86.ActiveCfg = Debug|x86
		{2D6F099A-D038-4AFC-B554-92408C5D0822}.Debug|x86.Build.0 = Debug|x86
		{2D6F099A-D038-4AFC-B554-92408C5D0822}.Release|x86.ActiveCfg = Release|x86
		{2D6F099A-D038-4AFC-B554-92408C5D0822}.Release|x86.Build.0 = Release|x86
	EndGlobalSection
	GlobalSection(SolutionProperties) = preSolution
		HideSolutionNode = FALSE
	EndGlobalSection
EndGlobal
